{
  "name": "@colefoster/localdex",
  "version": "0.1.0",
  "lockfileVersion": 3,
  "requires": true,
  "packages": {
    "": {
      "name": "@colefoster/localdex",
      "version": "0.1.0",
      "license": "MIT",
      "devDependencies": {
        "@pkmn/data": "^0.10.7",
        "@pkmn/dex": "^0.10.7",
        "@types/node": "^25.5.0",
        "typescript": "^5.9.3"
      }
    },
    "node_modules/@pkmn/data": {
      "version": "0.10.7",
      "resolved": "https://registry.npmjs.org/@pkmn/data/-/data-0.10.7.tgz",
      "integrity": "sha512-csUX8BU4RMHxl3nEF3gIOp1eq9+q3xh+ZaX+Nr1RZBqWF4L5PkBzUG36KKgU+lw92BmncDYm7S8t52lPhAmoXA==",
      "dev": true,
      "license": "MIT",
      "dependencies": {
        "@pkmn/dex-types": "^0.10.7"
      }
    },
    "node_modules/@pkmn/dex": {
      "version": "0.10.7",
      "resolved": "https://registry.npmjs.org/@pkmn/dex/-/dex-0.10.7.tgz",
      "integrity": "sha512-W2/92PNtEP8h/2nIPH1v7qCiiKb9r4JUybv46yo3nxXVZehs3gFR4h/TKK1sopJpLBFul1VSRCTpCdhQx5gLag==",
      "dev": true,
      "license": "MIT",
      "dependencies": {
        "@pkmn/dex-types": "^0.10.7"
      }
    },
    "node_modules/@pkmn/dex-types": {
      "version": "0.10.7",
      "resolved": "https://registry.npmjs.org/@pkmn/dex-types/-/dex-types-0.10.7.tgz",
      "integrity": "sha512-ewinxJHyeLwYSOcDsy+2pq9e1mMYNXwBB9B3CZG2fvonrkxAyycR5AtLKPqE61480jPPxaZocOh+SLtUm648SA==",
      "dev": true,
      "license": "MIT",
      "dependencies": {
        "@pkmn/types": "^4.0.0"
      }
    },
    "node_modules/@pkmn/types": {
      "version": "4.0.0",
      "resolved": "https://registry.npmjs.org/@pkmn/types/-/types-4.0.0.tgz",
      "integrity": "sha512-gR2s/pxJYEegek1TtsYCQupNR3d5hMlcJFsiD+2LyfKr4tc+gETTql47tWLX5mFSbPcbXh7f4+7txlMIDoZx/g==",
      "dev": true,
      "license": "MIT"
    },
    "node_modules/@types/node": {
      "version": "25.5.0",
      "resolved": "https://registry.npmjs.org/@types/node/-/node-25.5.0.tgz",
      "integrity": "sha512-jp2P3tQMSxWugkCUKLRPVUpGaL5MVFwF8RDuSRztfwgN1wmqJeMSbKlnEtQqU8UrhTmzEmZdu2I6v2dpp7XIxw==",
      "dev": true,
      "license": "MIT",
      "dependencies": {
        "undici-types": "~7.18.0"
      }
    },
    "node_modules/typescript": {
      "version": "5.9.3",
      "resolved": "https://registry.npmjs.org/typescript/-/typescript-5.9.3.tgz",
      "integrity": "sha512-jl1vZzPDinLr9eUt3J/t7V6FgNEw9QjvBPdysz9KfQDD41fQrC2Y4vKQdiaUpFT4bXlb1RHhLpp8wtm6M5TgSw==",
      "dev": true,
      "license": "Apache-2.0",
      "bin": {
        "tsc": "bin/tsc",
        "tsserver": "bin/tsserver"
      },
      "engines": {
        "node": ">=14.17"
      }
    },
    "node_modules/undici-types": {
      "version": "7.18.2",
      "resolved": "https://registry.npmjs.org/undici-types/-/undici-types-7.18.2.tgz",
      "integrity": "sha512-AsuCzffGHJybSaRrmr5eHr81mwJU3kjw6M+uprWvCXiNeN9SOGwQ3Jn8jb8m3Z6izVgknn1R0FTCEAP2QrLY/w==",
      "dev": true,
      "license": "MIT"
    }
  }
}
